
Microsoft Visual Studio Solution File, Format Version 12.00
# Visual Studio 14
VisualStudioVersion = 14.0.23107.0
MinimumVisualStudioVersion = 10.0.40219.1
Project("{2150E333-8FDC-42A3-9474-1A3956D46DE8}") = "src", "src", "{90092AEB-85AA-4126-8360-AE1846861325}"
EndProject
Project("{FAE04EC0-301F-11D3-BF4B-00C04F79EFBC}") = "Sequin.Core", "src\Sequin.Core\Sequin.Core.csproj", "{36063173-3B2B-4CA3-AF13-6788E70EEDE1}"
EndProject
Project("{FAE04EC0-301F-11D3-BF4B-00C04F79EFBC}") = "Sequin.Owin", "src\Sequin.Owin\Sequin.Owin.csproj", "{006E3C5B-8326-4A80-9679-36C3AD10042B}"
EndProject
Project("{FAE04EC0-301F-11D3-BF4B-00C04F79EFBC}") = "Sample.Web", "samples\Sample.Web\Sample.Web.csproj", "{B3ECC0E2-28C1-4C38-8117-DB0712F77D5A}"
EndProject
Global
	GlobalSection(SolutionConfigurationPlatforms) = preSolution
		Debug|Any CPU = Debug|Any CPU
		Release|Any CPU = Release|Any CPU
	EndGlobalSection
	GlobalSection(ProjectConfigurationPlatforms) = postSolution
		{36063173-3B2B-4CA3-AF13-6788E70EEDE1}.Debug|Any CPU.ActiveCfg = Debug|Any CPU
		{36063173-3B2B-4CA3-AF13-6788E70EEDE1}.Debug|Any CPU.Build.0 = Debug|Any CPU
		{36063173-3B2B-4CA3-AF13-6788E70EEDE1}.Release|Any CPU.ActiveCfg = Release|Any CPU
		{36063173-3B2B-4CA3-AF13-6788E70EEDE1}.Release|Any CPU.Build.0 = Release|Any CPU
		{006E3C5B-8326-4A80-9679-36C3AD10042B}.Debug|Any CPU.ActiveCfg = Debug|Any CPU
		{006E3C5B-8326-4A80-9679-36C3AD10042B}.Debug|Any CPU.Build.0 = Debug|Any CPU
		{006E3C5B-8326-4A80-9679-36C3AD10042B}.Release|Any CPU.ActiveCfg = Release|Any CPU
		{006E3C5B-8326-4A80-9679-36C3AD10042B}.Release|Any CPU.Build.0 = Release|Any CPU
		{B3ECC0E2-28C1-4C38-8117-DB0712F77D5A}.Debug|Any CPU.ActiveCfg = Debug|Any CPU
		{B3ECC0E2-28C1-4C38-8117-DB0712F77D5A}.Debug|Any CPU.Build.0 = Debug|Any CPU
		{B3ECC0E2-28C1-4C38-8117-DB0712F77D5A}.Release|Any CPU.ActiveCfg = Release|Any CPU
		{B3ECC0E2-28C1-4C38-8117-DB0712F77D5A}.Release|Any CPU.Build.0 = Release|Any CPU
	EndGlobalSection
	GlobalSection(SolutionProperties) = preSolution
		HideSolutionNode = FALSE
	EndGlobalSection
	GlobalSection(NestedProjects) = preSolution
		{36063173-3B2B-4CA3-AF13-6788E70EEDE1} = {90092AEB-85AA-4126-8360-AE1846861325}
		{006E3C5B-8326-4A80-9679-36C3AD10042B} = {90092AEB-85AA-4126-8360-AE1846861325}
	EndGlobalSection
EndGlobal
